{
  "originHash" : "765b019eee43291a415925fe0f61d687ee2beb02c3bf5becbae04948040570f9",
  "pins" : [
    {
      "identity" : "kingfisher",
      "kind" : "remoteSourceControl",
      "location" : "https://github.com/onevcat/Kingfisher.git",
      "state" : {
        "revision" : "2015fda791daa72c8058619545a593bf8c1dd59f",
        "version" : "8.5.0"
      }
    },
    {
      "identity" : "kkit-swift-package",
      "kind" : "remoteSourceControl",
      "location" : "https://github.com/krish11031998-pythonwhisperer/KKit-Swift-Package",
      "state" : {
        "revision" : "6d9989a60af53aa400a6400968f07ece99619daa",
        "version" : "2.4.2"
      }
    }
  ],
  "version" : 3
}
